# This file is @generated by PDM.
# It is not intended for manual editing.

[[package]]
name = "asgiref"
version = "3.6.0"
requires_python = ">=3.7"
summary = "ASGI specs, helper code, and adapters"

[[package]]
name = "async-timeout"
version = "4.0.2"
requires_python = ">=3.6"
summary = "Timeout context manager for asyncio programs"

[[package]]
name = "django"
version = "4.2"
requires_python = ">=3.8"
summary = "A high-level Python web framework that encourages rapid development and clean, pragmatic design."
dependencies = [
    "asgiref<4,>=3.6.0",
    "sqlparse>=0.3.1",
    "tzdata; sys_platform == \"win32\"",
]

[[package]]
name = "django-huey"
version = "1.1.1"
requires_python = ">=3.6"
summary = "An extension for django and huey that supports multi queue management"
dependencies = [
    "django>=3.2",
    "huey>=2.0",
]

[[package]]
name = "huey"
version = "2.4.5"
summary = "huey, a little task queue"

[[package]]
name = "psycopg2"
version = "2.9.6"
requires_python = ">=3.6"
summary = "psycopg2 - Python-PostgreSQL Database Adapter"

[[package]]
name = "redis"
version = "4.5.4"
requires_python = ">=3.7"
summary = "Python client for Redis database and key-value store"
dependencies = [
    "async-timeout>=4.0.2; python_version <= \"3.11.2\"",
]

[[package]]
name = "sqlparse"
version = "0.4.4"
requires_python = ">=3.5"
summary = "A non-validating SQL parser."

[[package]]
name = "tzdata"
version = "2023.3"
requires_python = ">=2"
summary = "Provider of IANA time zone data"

[metadata]
lock_version = "4.1"
content_hash = "sha256:c94e272ffb85764313a7106990f8760e16c9c58d518bdeeaa843c8d86b1a8b30"

[metadata.files]
"asgiref 3.6.0" = [
    {url = "https://files.pythonhosted.org/packages/78/2d/797c0537426266d6c9377a2ed6a4ac61e50c2d5b1ab4da101a4b9bfe26e2/asgiref-3.6.0.tar.gz", hash = "sha256:9567dfe7bd8d3c8c892227827c41cce860b368104c3431da67a0c5a65a949506"},
    {url = "https://files.pythonhosted.org/packages/8f/29/38d10a47b322a77b2d12c2b79c789f52956f733cb701d4d5157c76b5f238/asgiref-3.6.0-py3-none-any.whl", hash = "sha256:71e68008da809b957b7ee4b43dbccff33d1b23519fb8344e33f049897077afac"},
]
"async-timeout 4.0.2" = [
    {url = "https://files.pythonhosted.org/packages/54/6e/9678f7b2993537452710ffb1750c62d2c26df438aa621ad5fa9d1507a43a/async-timeout-4.0.2.tar.gz", hash = "sha256:2163e1640ddb52b7a8c80d0a67a08587e5d245cc9c553a74a847056bc2976b15"},
    {url = "https://files.pythonhosted.org/packages/d6/c1/8991e7c5385b897b8c020cdaad718c5b087a6626d1d11a23e1ea87e325a7/async_timeout-4.0.2-py3-none-any.whl", hash = "sha256:8ca1e4fcf50d07413d66d1a5e416e42cfdf5851c981d679a09851a6853383b3c"},
]
"django 4.2" = [
    {url = "https://files.pythonhosted.org/packages/9a/bb/48aa3e0850923096dff2766d21a6004d6e1a3317f0bd400ba81f586754e1/Django-4.2.tar.gz", hash = "sha256:c36e2ab12824e2ac36afa8b2515a70c53c7742f0d6eaefa7311ec379558db997"},
    {url = "https://files.pythonhosted.org/packages/d9/40/6012f98b14b64b4d3dc47b0c2f116fccbd0795ab35515d0c40dac73b81b8/Django-4.2-py3-none-any.whl", hash = "sha256:ad33ed68db9398f5dfb33282704925bce044bef4261cd4fb59e4e7f9ae505a78"},
]
"django-huey 1.1.1" = [
    {url = "https://files.pythonhosted.org/packages/57/d3/fdf1798ecb9db64d5c28e8e4a08651b9c7b25401ccded3270f3120d15974/django_huey-1.1.1-py3-none-any.whl", hash = "sha256:a1f8fe217282b8785d0986f920a92b8c8a0f9fddf505638d66a19127a89cb179"},
    {url = "https://files.pythonhosted.org/packages/c0/ab/6ce46ff7410962e2407e7d1ac96cd8eda1f564cc67f0f76c0e35b6f0adb5/django-huey-1.1.1.tar.gz", hash = "sha256:06e39548a1a6f12d47fa2c1f5ef5c43ee21e29a17ff7d88fa67c83bb1b8219fd"},
]
"huey 2.4.5" = [
    {url = "https://files.pythonhosted.org/packages/a7/2e/a1afc46dd8fadf43eaa7ca7232d1c766d444d636e840278bd1b6c2b6d873/huey-2.4.5.tar.gz", hash = "sha256:760cf150deff1fa34b852da37701a5a750d1148f03ea07aa2b3764dc6060b4c3"},
]
"psycopg2 2.9.6" = [
    {url = "https://files.pythonhosted.org/packages/2f/e0/f0db22e36faf2b62557ed11e942cc47f3b96d52b686fa838a3ca6b3c90b3/psycopg2-2.9.6-cp38-cp38-win32.whl", hash = "sha256:2362ee4d07ac85ff0ad93e22c693d0f37ff63e28f0615a16b6635a645f4b9214"},
    {url = "https://files.pythonhosted.org/packages/49/8e/52252e78c8fd2cc91dae13d2686b103237900fd05f80adc1efc366b40f65/psycopg2-2.9.6-cp39-cp39-win_amd64.whl", hash = "sha256:ded2faa2e6dfb430af7713d87ab4abbfc764d8d7fb73eafe96a24155f906ebf5"},
    {url = "https://files.pythonhosted.org/packages/4b/6a/450b97eb81f64f4788a6c5c4282ef2f73b023cc1ceab906ca63cab864440/psycopg2-2.9.6-cp311-cp311-win32.whl", hash = "sha256:53f4ad0a3988f983e9b49a5d9765d663bbe84f508ed655affdb810af9d0972ad"},
    {url = "https://files.pythonhosted.org/packages/4b/8e/69c0ea73e96afc1efb9f459050a14391fae20db81ff1815bf27c8ddc3160/psycopg2-2.9.6-cp38-cp38-win_amd64.whl", hash = "sha256:d24ead3716a7d093b90b27b3d73459fe8cd90fd7065cf43b3c40966221d8c394"},
    {url = "https://files.pythonhosted.org/packages/9b/e1/04d7d48986b123775840fb64bc07642fe186079564744ed9955162891b24/psycopg2-2.9.6-cp310-cp310-win32.whl", hash = "sha256:f7a7a5ee78ba7dc74265ba69e010ae89dae635eea0e97b055fb641a01a31d2b1"},
    {url = "https://files.pythonhosted.org/packages/ad/8d/88ab18931ee8d7434163671dbc6bbfd8c07ff8777fe6d156fabcb3672927/psycopg2-2.9.6-cp37-cp37m-win32.whl", hash = "sha256:869776630c04f335d4124f120b7fb377fe44b0a7645ab3c34b4ba42516951889"},
    {url = "https://files.pythonhosted.org/packages/af/c4/5726cddb53fe52f0e839eb3da04322364f14493217ebd5818cc5e4c948a5/psycopg2-2.9.6.tar.gz", hash = "sha256:f15158418fd826831b28585e2ab48ed8df2d0d98f502a2b4fe619e7d5ca29011"},
    {url = "https://files.pythonhosted.org/packages/c2/47/d142314e126c0ea7c8f4c0043cad069e359ce04975fd7d296c4af7f5a5c4/psycopg2-2.9.6-cp36-cp36m-win32.whl", hash = "sha256:11aca705ec888e4f4cea97289a0bf0f22a067a32614f6ef64fcf7b8bfbc53744"},
    {url = "https://files.pythonhosted.org/packages/c9/37/f49a95fb00ca9f4678475284e60cb341aea84201ac45faa9f32ad88c02e8/psycopg2-2.9.6-cp311-cp311-win_amd64.whl", hash = "sha256:b81fcb9ecfc584f661b71c889edeae70bae30d3ef74fa0ca388ecda50b1222b7"},
    {url = "https://files.pythonhosted.org/packages/ca/4a/b2f2cc9a3384b438961f9953fd82a20514c60a87f378f4a475f1b9de184b/psycopg2-2.9.6-cp310-cp310-win_amd64.whl", hash = "sha256:f75001a1cbbe523e00b0ef896a5a1ada2da93ccd752b7636db5a99bc57c44494"},
    {url = "https://files.pythonhosted.org/packages/e1/56/6558cc5b4380dc2ef0ea6c96eeb6fcb26111081ec07f0dade2c3b9bc1f06/psycopg2-2.9.6-cp36-cp36m-win_amd64.whl", hash = "sha256:36c941a767341d11549c0fbdbb2bf5be2eda4caf87f65dfcd7d146828bd27f39"},
    {url = "https://files.pythonhosted.org/packages/e2/38/4a2cc3f697f40f09617697a795c73697eec464009f4c5e47cf4050f45b63/psycopg2-2.9.6-cp37-cp37m-win_amd64.whl", hash = "sha256:a8ad4a47f42aa6aec8d061fdae21eaed8d864d4bb0f0cade5ad32ca16fcd6258"},
    {url = "https://files.pythonhosted.org/packages/e3/76/08d3297720f2d0636a934aa30bf3343e6c4b869c12ba6294b8c1739af76b/psycopg2-2.9.6-cp39-cp39-win32.whl", hash = "sha256:1861a53a6a0fd248e42ea37c957d36950da00266378746588eab4f4b5649e95f"},
]
"redis 4.5.4" = [
    {url = "https://files.pythonhosted.org/packages/15/00/141ee6abca8d32448b23539e8f0e74091842c30ef357b636b372e2606aa9/redis-4.5.4.tar.gz", hash = "sha256:73ec35da4da267d6847e47f68730fdd5f62e2ca69e3ef5885c6a78a9374c3893"},
    {url = "https://files.pythonhosted.org/packages/b5/d4/ef474a49ec5821f3155c5de2d37ddcc4a497e2500cd16d4a9e51ce02030d/redis-4.5.4-py3-none-any.whl", hash = "sha256:2c19e6767c474f2e85167909061d525ed65bea9301c0770bb151e041b7ac89a2"},
]
"sqlparse 0.4.4" = [
    {url = "https://files.pythonhosted.org/packages/65/16/10f170ec641ed852611b6c9441b23d10b5702ab5288371feab3d36de2574/sqlparse-0.4.4.tar.gz", hash = "sha256:d446183e84b8349fa3061f0fe7f06ca94ba65b426946ffebe6e3e8295332420c"},
    {url = "https://files.pythonhosted.org/packages/98/5a/66d7c9305baa9f11857f247d4ba761402cea75db6058ff850ed7128957b7/sqlparse-0.4.4-py3-none-any.whl", hash = "sha256:5430a4fe2ac7d0f93e66f1efc6e1338a41884b7ddf2a350cedd20ccc4d9d28f3"},
]
"tzdata 2023.3" = [
    {url = "https://files.pythonhosted.org/packages/70/e5/81f99b9fced59624562ab62a33df639a11b26c582be78864b339dafa420d/tzdata-2023.3.tar.gz", hash = "sha256:11ef1e08e54acb0d4f95bdb1be05da659673de4acbd21bf9c69e94cc5e907a3a"},
    {url = "https://files.pythonhosted.org/packages/d5/fb/a79efcab32b8a1f1ddca7f35109a50e4a80d42ac1c9187ab46522b2407d7/tzdata-2023.3-py2.py3-none-any.whl", hash = "sha256:7e65763eef3120314099b6939b5546db7adce1e7d6f2e179e3df563c70511eda"},
]
